
Microsoft Visual Studio Solution File, Format Version 12.00
# Visual Studio Version 16
VisualStudioVersion = 16.0.31313.79
MinimumVisualStudioVersion = 10.0.40219.1
Project("{FAE04EC0-301F-11D3-BF4B-00C04F79EFBC}") = "Week1.A.Esercitazione", "Week1.A.Esercitazione.Factory\Week1.A.Esercitazione.csproj", "{BFB569AF-6FDC-4AE8-BEEB-90D82484E048}"
EndProject
Project("{FAE04EC0-301F-11D3-BF4B-00C04F79EFBC}") = "Week1A.Esercitazione.MonitoraggioCartella", "Week1A.Esercitazione.MonitoraggioCartella\Week1A.Esercitazione.MonitoraggioCartella.csproj", "{1C07F404-2CE7-4984-A62E-56ABEB2E0CA2}"
EndProject
Project("{FAE04EC0-301F-11D3-BF4B-00C04F79EFBC}") = "Week1A.Esercitazione.Test", "Week1A.Esercitazione.Test\Week1A.Esercitazione.Test.csproj", "{5B9BDD88-CB61-47E4-BE93-8203D7851331}"
EndProject
Global
	GlobalSection(SolutionConfigurationPlatforms) = preSolution
		Debug|Any CPU = Debug|Any CPU
		Release|Any CPU = Release|Any CPU
	EndGlobalSection
	GlobalSection(ProjectConfigurationPlatforms) = postSolution
		{BFB569AF-6FDC-4AE8-BEEB-90D82484E048}.Debug|Any CPU.ActiveCfg = Debug|Any CPU
		{BFB569AF-6FDC-4AE8-BEEB-90D82484E048}.Debug|Any CPU.Build.0 = Debug|Any CPU
		{BFB569AF-6FDC-4AE8-BEEB-90D82484E048}.Release|Any CPU.ActiveCfg = Release|Any CPU
		{BFB569AF-6FDC-4AE8-BEEB-90D82484E048}.Release|Any CPU.Build.0 = Release|Any CPU
		{1C07F404-2CE7-4984-A62E-56ABEB2E0CA2}.Debug|Any CPU.ActiveCfg = Debug|Any CPU
		{1C07F404-2CE7-4984-A62E-56ABEB2E0CA2}.Debug|Any CPU.Build.0 = Debug|Any CPU
		{1C07F404-2CE7-4984-A62E-56ABEB2E0CA2}.Release|Any CPU.ActiveCfg = Release|Any CPU
		{1C07F404-2CE7-4984-A62E-56ABEB2E0CA2}.Release|Any CPU.Build.0 = Release|Any CPU
		{5B9BDD88-CB61-47E4-BE93-8203D7851331}.Debug|Any CPU.ActiveCfg = Debug|Any CPU
		{5B9BDD88-CB61-47E4-BE93-8203D7851331}.Debug|Any CPU.Build.0 = Debug|Any CPU
		{5B9BDD88-CB61-47E4-BE93-8203D7851331}.Release|Any CPU.ActiveCfg = Release|Any CPU
		{5B9BDD88-CB61-47E4-BE93-8203D7851331}.Release|Any CPU.Build.0 = Release|Any CPU
	EndGlobalSection
	GlobalSection(SolutionProperties) = preSolution
		HideSolutionNode = FALSE
	EndGlobalSection
	GlobalSection(ExtensibilityGlobals) = postSolution
		SolutionGuid = {13E8DD92-D958-448E-A768-E7DCECF9FA8D}
	EndGlobalSection
EndGlobal
